
Microsoft Visual Studio Solution File, Format Version 12.00
# Visual Studio 15
VisualStudioVersion = 15.0.26730.16
MinimumVisualStudioVersion = 10.0.40219.1
Project("{9A19103F-16F7-4668-BE54-9A1E7A4F7556}") = "DG.WebAdmin", "DG.WebAdmin\DG.WebAdmin.csproj", "{73A5A71A-7E14-4663-9F89-A5B29265D0FC}"
EndProject
Project("{9A19103F-16F7-4668-BE54-9A1E7A4F7556}") = "DG.Core", "DG.Core\DG.Core.csproj", "{2CAB7B60-3271-4C9D-B37C-31AEC1C2E414}"
EndProject
Project("{2150E333-8FDC-42A3-9474-1A3956D46DE8}") = "01_FarmWork", "01_FarmWork", "{2CB7AF06-F995-4604-866D-FE568B6F0EF2}"
EndProject
Project("{9A19103F-16F7-4668-BE54-9A1E7A4F7556}") = "DG.Domain", "DG.Domain\DG.Domain.csproj", "{BF78DDA6-42F8-4E0F-8C1D-47719FD60699}"
EndProject
Project("{9A19103F-16F7-4668-BE54-9A1E7A4F7556}") = "DG.Infrastructure", "DG.Infrastructure\DG.Infrastructure.csproj", "{1B297E80-94EE-4AFB-BAF0-1B09CCF56F84}"
EndProject
Project("{2150E333-8FDC-42A3-9474-1A3956D46DE8}") = "03_Test", "03_Test", "{EAB4EC8D-BE6C-494F-9985-DEECA0C9122B}"
EndProject
Project("{2150E333-8FDC-42A3-9474-1A3956D46DE8}") = "02_Web", "02_Web", "{45FDF644-5C4A-4910-A4B6-46692CEF5493}"
EndProject
Project("{9A19103F-16F7-4668-BE54-9A1E7A4F7556}") = "DG.Test", "DG.Test\DG.Test.csproj", "{925D818D-1193-437D-B8D0-8BDFBF4B4BB1}"
EndProject
Project("{9A19103F-16F7-4668-BE54-9A1E7A4F7556}") = "DG.Web", "DG.Web\DG.Web.csproj", "{D1CC1AB3-EE87-4DE9-8588-9AA30045E4DC}"
EndProject
Project("{9A19103F-16F7-4668-BE54-9A1E7A4F7556}") = "DG.Controllers.WebApi", "DG.Controllers.WebApi\DG.Controllers.WebApi.csproj", "{55059810-7470-4F98-8CDF-90701B50776C}"
EndProject
Project("{FAE04EC0-301F-11D3-BF4B-00C04F79EFBC}") = "DG.EntityFramework", "DG.EntityFramework\DG.EntityFramework.csproj", "{B2B34FEF-BB01-45E6-A81E-475F6DEE5CE8}"
EndProject
Project("{FAE04EC0-301F-11D3-BF4B-00C04F79EFBC}") = "DG.Web.Core", "DG.Web.Core\DG.Web.Core.csproj", "{7334E144-6952-4991-8549-517D1CE01D65}"
EndProject
Global
	GlobalSection(SolutionConfigurationPlatforms) = preSolution
		Debug|Any CPU = Debug|Any CPU
		Release|Any CPU = Release|Any CPU
	EndGlobalSection
	GlobalSection(ProjectConfigurationPlatforms) = postSolution
		{73A5A71A-7E14-4663-9F89-A5B29265D0FC}.Debug|Any CPU.ActiveCfg = Debug|Any CPU
		{73A5A71A-7E14-4663-9F89-A5B29265D0FC}.Debug|Any CPU.Build.0 = Debug|Any CPU
		{73A5A71A-7E14-4663-9F89-A5B29265D0FC}.Release|Any CPU.ActiveCfg = Release|Any CPU
		{73A5A71A-7E14-4663-9F89-A5B29265D0FC}.Release|Any CPU.Build.0 = Release|Any CPU
		{2CAB7B60-3271-4C9D-B37C-31AEC1C2E414}.Debug|Any CPU.ActiveCfg = Debug|Any CPU
		{2CAB7B60-3271-4C9D-B37C-31AEC1C2E414}.Debug|Any CPU.Build.0 = Debug|Any CPU
		{2CAB7B60-3271-4C9D-B37C-31AEC1C2E414}.Release|Any CPU.ActiveCfg = Release|Any CPU
		{2CAB7B60-3271-4C9D-B37C-31AEC1C2E414}.Release|Any CPU.Build.0 = Release|Any CPU
		{BF78DDA6-42F8-4E0F-8C1D-47719FD60699}.Debug|Any CPU.ActiveCfg = Debug|Any CPU
		{BF78DDA6-42F8-4E0F-8C1D-47719FD60699}.Debug|Any CPU.Build.0 = Debug|Any CPU
		{BF78DDA6-42F8-4E0F-8C1D-47719FD60699}.Release|Any CPU.ActiveCfg = Release|Any CPU
		{BF78DDA6-42F8-4E0F-8C1D-47719FD60699}.Release|Any CPU.Build.0 = Release|Any CPU
		{1B297E80-94EE-4AFB-BAF0-1B09CCF56F84}.Debug|Any CPU.ActiveCfg = Debug|Any CPU
		{1B297E80-94EE-4AFB-BAF0-1B09CCF56F84}.Debug|Any CPU.Build.0 = Debug|Any CPU
		{1B297E80-94EE-4AFB-BAF0-1B09CCF56F84}.Release|Any CPU.ActiveCfg = Release|Any CPU
		{1B297E80-94EE-4AFB-BAF0-1B09CCF56F84}.Release|Any CPU.Build.0 = Release|Any CPU
		{925D818D-1193-437D-B8D0-8BDFBF4B4BB1}.Debug|Any CPU.ActiveCfg = Debug|Any CPU
		{925D818D-1193-437D-B8D0-8BDFBF4B4BB1}.Debug|Any CPU.Build.0 = Debug|Any CPU
		{925D818D-1193-437D-B8D0-8BDFBF4B4BB1}.Release|Any CPU.ActiveCfg = Release|Any CPU
		{925D818D-1193-437D-B8D0-8BDFBF4B4BB1}.Release|Any CPU.Build.0 = Release|Any CPU
		{D1CC1AB3-EE87-4DE9-8588-9AA30045E4DC}.Debug|Any CPU.ActiveCfg = Debug|Any CPU
		{D1CC1AB3-EE87-4DE9-8588-9AA30045E4DC}.Debug|Any CPU.Build.0 = Debug|Any CPU
		{D1CC1AB3-EE87-4DE9-8588-9AA30045E4DC}.Release|Any CPU.ActiveCfg = Release|Any CPU
		{D1CC1AB3-EE87-4DE9-8588-9AA30045E4DC}.Release|Any CPU.Build.0 = Release|Any CPU
		{55059810-7470-4F98-8CDF-90701B50776C}.Debug|Any CPU.ActiveCfg = Debug|Any CPU
		{55059810-7470-4F98-8CDF-90701B50776C}.Debug|Any CPU.Build.0 = Debug|Any CPU
		{55059810-7470-4F98-8CDF-90701B50776C}.Release|Any CPU.ActiveCfg = Release|Any CPU
		{55059810-7470-4F98-8CDF-90701B50776C}.Release|Any CPU.Build.0 = Release|Any CPU
		{B2B34FEF-BB01-45E6-A81E-475F6DEE5CE8}.Debug|Any CPU.ActiveCfg = Debug|Any CPU
		{B2B34FEF-BB01-45E6-A81E-475F6DEE5CE8}.Debug|Any CPU.Build.0 = Debug|Any CPU
		{B2B34FEF-BB01-45E6-A81E-475F6DEE5CE8}.Release|Any CPU.ActiveCfg = Release|Any CPU
		{B2B34FEF-BB01-45E6-A81E-475F6DEE5CE8}.Release|Any CPU.Build.0 = Release|Any CPU
		{7334E144-6952-4991-8549-517D1CE01D65}.Debug|Any CPU.ActiveCfg = Debug|Any CPU
		{7334E144-6952-4991-8549-517D1CE01D65}.Debug|Any CPU.Build.0 = Debug|Any CPU
		{7334E144-6952-4991-8549-517D1CE01D65}.Release|Any CPU.ActiveCfg = Release|Any CPU
		{7334E144-6952-4991-8549-517D1CE01D65}.Release|Any CPU.Build.0 = Release|Any CPU
	EndGlobalSection
	GlobalSection(SolutionProperties) = preSolution
		HideSolutionNode = FALSE
	EndGlobalSection
	GlobalSection(NestedProjects) = preSolution
		{73A5A71A-7E14-4663-9F89-A5B29265D0FC} = {45FDF644-5C4A-4910-A4B6-46692CEF5493}
		{2CAB7B60-3271-4C9D-B37C-31AEC1C2E414} = {2CB7AF06-F995-4604-866D-FE568B6F0EF2}
		{BF78DDA6-42F8-4E0F-8C1D-47719FD60699} = {2CB7AF06-F995-4604-866D-FE568B6F0EF2}
		{1B297E80-94EE-4AFB-BAF0-1B09CCF56F84} = {2CB7AF06-F995-4604-866D-FE568B6F0EF2}
		{925D818D-1193-437D-B8D0-8BDFBF4B4BB1} = {EAB4EC8D-BE6C-494F-9985-DEECA0C9122B}
		{D1CC1AB3-EE87-4DE9-8588-9AA30045E4DC} = {45FDF644-5C4A-4910-A4B6-46692CEF5493}
		{55059810-7470-4F98-8CDF-90701B50776C} = {45FDF644-5C4A-4910-A4B6-46692CEF5493}
		{B2B34FEF-BB01-45E6-A81E-475F6DEE5CE8} = {2CB7AF06-F995-4604-866D-FE568B6F0EF2}
		{7334E144-6952-4991-8549-517D1CE01D65} = {45FDF644-5C4A-4910-A4B6-46692CEF5493}
	EndGlobalSection
	GlobalSection(ExtensibilityGlobals) = postSolution
		SolutionGuid = {E7ECE81D-9A32-412C-8872-CF7FC7BB8FEA}
	EndGlobalSection
EndGlobal
