
Microsoft Visual Studio Solution File, Format Version 12.00
# Visual Studio 15
VisualStudioVersion = 15.0.27004.2009
MinimumVisualStudioVersion = 10.0.40219.1
Project("{2150E333-8FDC-42A3-9474-1A3956D46DE8}") = "src", "src", "{469F73FA-1CD7-422D-ACA9-A33AA7387AF1}"
EndProject
Project("{2150E333-8FDC-42A3-9474-1A3956D46DE8}") = "test", "test", "{8059A087-6A0F-4F1D-9C30-D1A170997A41}"
EndProject
Project("{9A19103F-16F7-4668-BE54-9A1E7A4F7556}") = "DG.Core", "src\DG.Core\DG.Core.csproj", "{F88D93B4-DB6B-44F5-B402-747678094F50}"
EndProject
Project("{9A19103F-16F7-4668-BE54-9A1E7A4F7556}") = "DG.EntityFramework", "src\DG.EntityFramework\DG.EntityFramework.csproj", "{E8D86300-081D-461D-887E-3584BFFA197F}"
EndProject
Project("{9A19103F-16F7-4668-BE54-9A1E7A4F7556}") = "DG.Application", "src\DG.Application\DG.Application.csproj", "{0DC8615F-5A89-4A9C-AB75-0F7498F84FD1}"
EndProject
Project("{9A19103F-16F7-4668-BE54-9A1E7A4F7556}") = "DG.Tests", "test\DG.Tests\DG.Tests.csproj", "{6513D1AC-EAB8-441D-8DD9-4A8295B27F07}"
EndProject
Project("{9A19103F-16F7-4668-BE54-9A1E7A4F7556}") = "DG.Controllers.Api", "src\DG.Controllers.Api\DG.Controllers.Api.csproj", "{5821262A-0B94-446F-9593-BA39F27FCBB8}"
EndProject
Project("{9A19103F-16F7-4668-BE54-9A1E7A4F7556}") = "ACC", "src\ACC\ACC.csproj", "{06B7A1D8-6B36-4A6C-97EF-E79706C3B29E}"
EndProject
Project("{2150E333-8FDC-42A3-9474-1A3956D46DE8}") = "doc", "doc", "{BEDB92EF-A91B-43D6-A3AE-D974D200D70A}"
	ProjectSection(SolutionItems) = preProject
		..\README.md = ..\README.md
	EndProjectSection
EndProject
Project("{2150E333-8FDC-42A3-9474-1A3956D46DE8}") = "web", "web", "{627091FC-AEB9-4E19-92C8-EE5FB80D8715}"
EndProject
Project("{FAE04EC0-301F-11D3-BF4B-00C04F79EFBC}") = "DG.Web.UI", "src\DG.Web.UI\DG.Web.UI.csproj", "{A3A8195C-844B-4923-838C-5F5E655E42AB}"
EndProject
Global
	GlobalSection(SolutionConfigurationPlatforms) = preSolution
		Debug|Any CPU = Debug|Any CPU
		Release|Any CPU = Release|Any CPU
	EndGlobalSection
	GlobalSection(ProjectConfigurationPlatforms) = postSolution
		{F88D93B4-DB6B-44F5-B402-747678094F50}.Debug|Any CPU.ActiveCfg = Debug|Any CPU
		{F88D93B4-DB6B-44F5-B402-747678094F50}.Debug|Any CPU.Build.0 = Debug|Any CPU
		{F88D93B4-DB6B-44F5-B402-747678094F50}.Release|Any CPU.ActiveCfg = Release|Any CPU
		{F88D93B4-DB6B-44F5-B402-747678094F50}.Release|Any CPU.Build.0 = Release|Any CPU
		{E8D86300-081D-461D-887E-3584BFFA197F}.Debug|Any CPU.ActiveCfg = Debug|Any CPU
		{E8D86300-081D-461D-887E-3584BFFA197F}.Debug|Any CPU.Build.0 = Debug|Any CPU
		{E8D86300-081D-461D-887E-3584BFFA197F}.Release|Any CPU.ActiveCfg = Release|Any CPU
		{E8D86300-081D-461D-887E-3584BFFA197F}.Release|Any CPU.Build.0 = Release|Any CPU
		{0DC8615F-5A89-4A9C-AB75-0F7498F84FD1}.Debug|Any CPU.ActiveCfg = Debug|Any CPU
		{0DC8615F-5A89-4A9C-AB75-0F7498F84FD1}.Debug|Any CPU.Build.0 = Debug|Any CPU
		{0DC8615F-5A89-4A9C-AB75-0F7498F84FD1}.Release|Any CPU.ActiveCfg = Release|Any CPU
		{0DC8615F-5A89-4A9C-AB75-0F7498F84FD1}.Release|Any CPU.Build.0 = Release|Any CPU
		{6513D1AC-EAB8-441D-8DD9-4A8295B27F07}.Debug|Any CPU.ActiveCfg = Debug|Any CPU
		{6513D1AC-EAB8-441D-8DD9-4A8295B27F07}.Debug|Any CPU.Build.0 = Debug|Any CPU
		{6513D1AC-EAB8-441D-8DD9-4A8295B27F07}.Release|Any CPU.ActiveCfg = Release|Any CPU
		{6513D1AC-EAB8-441D-8DD9-4A8295B27F07}.Release|Any CPU.Build.0 = Release|Any CPU
		{5821262A-0B94-446F-9593-BA39F27FCBB8}.Debug|Any CPU.ActiveCfg = Debug|Any CPU
		{5821262A-0B94-446F-9593-BA39F27FCBB8}.Debug|Any CPU.Build.0 = Debug|Any CPU
		{5821262A-0B94-446F-9593-BA39F27FCBB8}.Release|Any CPU.ActiveCfg = Release|Any CPU
		{5821262A-0B94-446F-9593-BA39F27FCBB8}.Release|Any CPU.Build.0 = Release|Any CPU
		{06B7A1D8-6B36-4A6C-97EF-E79706C3B29E}.Debug|Any CPU.ActiveCfg = Debug|Any CPU
		{06B7A1D8-6B36-4A6C-97EF-E79706C3B29E}.Debug|Any CPU.Build.0 = Debug|Any CPU
		{06B7A1D8-6B36-4A6C-97EF-E79706C3B29E}.Release|Any CPU.ActiveCfg = Release|Any CPU
		{06B7A1D8-6B36-4A6C-97EF-E79706C3B29E}.Release|Any CPU.Build.0 = Release|Any CPU
		{A3A8195C-844B-4923-838C-5F5E655E42AB}.Debug|Any CPU.ActiveCfg = Debug|Any CPU
		{A3A8195C-844B-4923-838C-5F5E655E42AB}.Debug|Any CPU.Build.0 = Debug|Any CPU
		{A3A8195C-844B-4923-838C-5F5E655E42AB}.Release|Any CPU.ActiveCfg = Release|Any CPU
		{A3A8195C-844B-4923-838C-5F5E655E42AB}.Release|Any CPU.Build.0 = Release|Any CPU
	EndGlobalSection
	GlobalSection(SolutionProperties) = preSolution
		HideSolutionNode = FALSE
	EndGlobalSection
	GlobalSection(NestedProjects) = preSolution
		{F88D93B4-DB6B-44F5-B402-747678094F50} = {469F73FA-1CD7-422D-ACA9-A33AA7387AF1}
		{E8D86300-081D-461D-887E-3584BFFA197F} = {469F73FA-1CD7-422D-ACA9-A33AA7387AF1}
		{0DC8615F-5A89-4A9C-AB75-0F7498F84FD1} = {469F73FA-1CD7-422D-ACA9-A33AA7387AF1}
		{6513D1AC-EAB8-441D-8DD9-4A8295B27F07} = {8059A087-6A0F-4F1D-9C30-D1A170997A41}
		{5821262A-0B94-446F-9593-BA39F27FCBB8} = {469F73FA-1CD7-422D-ACA9-A33AA7387AF1}
		{06B7A1D8-6B36-4A6C-97EF-E79706C3B29E} = {469F73FA-1CD7-422D-ACA9-A33AA7387AF1}
		{A3A8195C-844B-4923-838C-5F5E655E42AB} = {627091FC-AEB9-4E19-92C8-EE5FB80D8715}
	EndGlobalSection
	GlobalSection(ExtensibilityGlobals) = postSolution
		SolutionGuid = {650226B6-D3A1-4D30-BD09-A3854ACCD829}
	EndGlobalSection
EndGlobal
